// !$*UTF8*$!
{
	archiveVersion = 1;
	classes = {
	};
	objectVersion = 55;
	objects = {

/* Begin PBXBuildFile section */
		3F19BEA12811C46E00C70C34 /* AppDelegate.swift in Sources */ = {isa = PBXBuildFile; fileRef = 3F19BEA02811C46E00C70C34 /* AppDelegate.swift */; };
		3F19BEA32811C46E00C70C34 /* SceneDelegate.swift in Sources */ = {isa = PBXBuildFile; fileRef = 3F19BEA22811C46E00C70C34 /* SceneDelegate.swift */; };
		3F19BEA52811C46E00C70C34 /* GenreViewController.swift in Sources */ = {isa = PBXBuildFile; fileRef = 3F19BEA42811C46E00C70C34 /* GenreViewController.swift */; };
		3F19BEA82811C46E00C70C34 /* Main.storyboard in Resources */ = {isa = PBXBuildFile; fileRef = 3F19BEA62811C46E00C70C34 /* Main.storyboard */; };
		3F19BEAA2811C47700C70C34 /* Assets.xcassets in Resources */ = {isa = PBXBuildFile; fileRef = 3F19BEA92811C47700C70C34 /* Assets.xcassets */; };
		3F19BEAD2811C47700C70C34 /* LaunchScreen.storyboard in Resources */ = {isa = PBXBuildFile; fileRef = 3F19BEAB2811C47700C70C34 /* LaunchScreen.storyboard */; };
		3F19BEB82811C47800C70C34 /* Nidigonda_MoviesTests.swift in Sources */ = {isa = PBXBuildFile; fileRef = 3F19BEB72811C47800C70C34 /* Nidigonda_MoviesTests.swift */; };
		3F19BEC22811C47800C70C34 /* Nidigonda_MoviesUITests.swift in Sources */ = {isa = PBXBuildFile; fileRef = 3F19BEC12811C47800C70C34 /* Nidigonda_MoviesUITests.swift */; };
		3F19BEC42811C47800C70C34 /* Nidigonda_MoviesUITestsLaunchTests.swift in Sources */ = {isa = PBXBuildFile; fileRef = 3F19BEC32811C47800C70C34 /* Nidigonda_MoviesUITestsLaunchTests.swift */; };
		3F19BED12811C64700C70C34 /* MoviesViewController.swift in Sources */ = {isa = PBXBuildFile; fileRef = 3F19BED02811C64700C70C34 /* MoviesViewController.swift */; };
		3F19BED32811C8E000C70C34 /* MovieCollectionViewCell.swift in Sources */ = {isa = PBXBuildFile; fileRef = 3F19BED22811C8E000C70C34 /* MovieCollectionViewCell.swift */; };
		3F19BFD9281AF5B600C70C34 /* MovieData.swift in Sources */ = {isa = PBXBuildFile; fileRef = 3F19BFD8281AF5B600C70C34 /* MovieData.swift */; };
/* End PBXBuildFile section */

/* Begin PBXContainerItemProxy section */
		3F19BEB42811C47800C70C34 /* PBXContainerItemProxy */ = {
			isa = PBXContainerItemProxy;
			containerPortal = 3F19BE952811C46D00C70C34 /* Project object */;
			proxyType = 1;
			remoteGlobalIDString = 3F19BE9C2811C46E00C70C34;
			remoteInfo = Nidigonda_Movies;
		};
		3F19BEBE2811C47800C70C34 /* PBXContainerItemProxy */ = {
			isa = PBXContainerItemProxy;
			containerPortal = 3F19BE952811C46D00C70C34 /* Project object */;
			proxyType = 1;
			remoteGlobalIDString = 3F19BE9C2811C46E00C70C34;
			remoteInfo = Nidigonda_Movies;
		};
/* End PBXContainerItemProxy section */

/* Begin PBXFileReference section */
		3F19BE9D2811C46E00C70C34 /* Nidigonda_Movies.app */ = {isa = PBXFileReference; explicitFileType = wrapper.application; includeInIndex = 0; path = Nidigonda_Movies.app; sourceTree = BUILT_PRODUCTS_DIR; };
		3F19BEA02811C46E00C70C34 /* AppDelegate.swift */ = {isa = PBXFileReference; lastKnownFileType = sourcecode.swift; path = AppDelegate.swift; sourceTree = "<group>"; };
		3F19BEA22811C46E00C70C34 /* SceneDelegate.swift */ = {isa = PBXFileReference; lastKnownFileType = sourcecode.swift; path = SceneDelegate.swift; sourceTree = "<group>"; };
		3F19BEA42811C46E00C70C34 /* GenreViewController.swift */ = {isa = PBXFileReference; lastKnownFileType = sourcecode.swift; path = GenreViewController.swift; sourceTree = "<group>"; };
		3F19BEA72811C46E00C70C34 /* Base */ = {isa = PBXFileReference; lastKnownFileType = file.storyboard; name = Base; path = Base.lproj/Main.storyboard; sourceTree = "<group>"; };
		3F19BEA92811C47700C70C34 /* Assets.xcassets */ = {isa = PBXFileReference; lastKnownFileType = folder.assetcatalog; path = Assets.xcassets; sourceTree = "<group>"; };
		3F19BEAC2811C47700C70C34 /* Base */ = {isa = PBXFileReference; lastKnownFileType = file.storyboard; name = Base; path = Base.lproj/LaunchScreen.storyboard; sourceTree = "<group>"; };
		3F19BEAE2811C47700C70C34 /* Info.plist */ = {isa = PBXFileReference; lastKnownFileType = text.plist.xml; path = Info.plist; sourceTree = "<group>"; };
		3F19BEB32811C47800C70C34 /* Nidigonda_MoviesTests.xctest */ = {isa = PBXFileReference; explicitFileType = wrapper.cfbundle; includeInIndex = 0; path = Nidigonda_MoviesTests.xctest; sourceTree = BUILT_PRODUCTS_DIR; };
		3F19BEB72811C47800C70C34 /* Nidigonda_MoviesTests.swift */ = {isa = PBXFileReference; lastKnownFileType = sourcecode.swift; path = Nidigonda_MoviesTests.swift; sourceTree = "<group>"; };
		3F19BEBD2811C47800C70C34 /* Nidigonda_MoviesUITests.xctest */ = {isa = PBXFileReference; explicitFileType = wrapper.cfbundle; includeInIndex = 0; path = Nidigonda_MoviesUITests.xctest; sourceTree = BUILT_PRODUCTS_DIR; };
		3F19BEC12811C47800C70C34 /* Nidigonda_MoviesUITests.swift */ = {isa = PBXFileReference; lastKnownFileType = sourcecode.swift; path = Nidigonda_MoviesUITests.swift; sourceTree = "<group>"; };
		3F19BEC32811C47800C70C34 /* Nidigonda_MoviesUITestsLaunchTests.swift */ = {isa = PBXFileReference; lastKnownFileType = sourcecode.swift; path = Nidigonda_MoviesUITestsLaunchTests.swift; sourceTree = "<group>"; };
		3F19BED02811C64700C70C34 /* MoviesViewController.swift */ = {isa = PBXFileReference; lastKnownFileType = sourcecode.swift; path = MoviesViewController.swift; sourceTree = "<group>"; };
		3F19BED22811C8E000C70C34 /* MovieCollectionViewCell.swift */ = {isa = PBXFileReference; lastKnownFileType = sourcecode.swift; path = MovieCollectionViewCell.swift; sourceTree = "<group>"; };
		3F19BFD8281AF5B600C70C34 /* MovieData.swift */ = {isa = PBXFileReference; lastKnownFileType = sourcecode.swift; path = MovieData.swift; sourceTree = "<group>"; };
/* End PBXFileReference section */

/* Begin PBXFrameworksBuildPhase section */
		3F19BE9A2811C46E00C70C34 /* Frameworks */ = {
			isa = PBXFrameworksBuildPhase;
			buildActionMask = 2147483647;
			files = (
			);
			runOnlyForDeploymentPostprocessing = 0;
		};
		3F19BEB02811C47800C70C34 /* Frameworks */ = {
			isa = PBXFrameworksBuildPhase;
			buildActionMask = 2147483647;
			files = (
			);
			runOnlyForDeploymentPostprocessing = 0;
		};
		3F19BEBA2811C47800C70C34 /* Frameworks */ = {
			isa = PBXFrameworksBuildPhase;
			buildActionMask = 2147483647;
			files = (
			);
			runOnlyForDeploymentPostprocessing = 0;
		};
/* End PBXFrameworksBuildPhase section */

/* Begin PBXGroup section */
		3F19BE942811C46D00C70C34 = {
			isa = PBXGroup;
			children = (
				3F19BE9F2811C46E00C70C34 /* Nidigonda_Movies */,
				3F19BEB62811C47800C70C34 /* Nidigonda_MoviesTests */,
				3F19BEC02811C47800C70C34 /* Nidigonda_MoviesUITests */,
				3F19BE9E2811C46E00C70C34 /* Products */,
			);
			sourceTree = "<group>";
		};
		3F19BE9E2811C46E00C70C34 /* Products */ = {
			isa = PBXGroup;
			children = (
				3F19BE9D2811C46E00C70C34 /* Nidigonda_Movies.app */,
				3F19BEB32811C47800C70C34 /* Nidigonda_MoviesTests.xctest */,
				3F19BEBD2811C47800C70C34 /* Nidigonda_MoviesUITests.xctest */,
			);
			name = Products;
			sourceTree = "<group>";
		};
		3F19BE9F2811C46E00C70C34 /* Nidigonda_Movies */ = {
			isa = PBXGroup;
			children = (
				3F19BEA02811C46E00C70C34 /* AppDelegate.swift */,
				3F19BEA22811C46E00C70C34 /* SceneDelegate.swift */,
				3F19BEA42811C46E00C70C34 /* GenreViewController.swift */,
				3F19BEA62811C46E00C70C34 /* Main.storyboard */,
				3F19BEA92811C47700C70C34 /* Assets.xcassets */,
				3F19BEAB2811C47700C70C34 /* LaunchScreen.storyboard */,
				3F19BEAE2811C47700C70C34 /* Info.plist */,
				3F19BED02811C64700C70C34 /* MoviesViewController.swift */,
				3F19BED22811C8E000C70C34 /* MovieCollectionViewCell.swift */,
				3F19BFD8281AF5B600C70C34 /* MovieData.swift */,
			);
			path = Nidigonda_Movies;
			sourceTree = "<group>";
		};
		3F19BEB62811C47800C70C34 /* Nidigonda_MoviesTests */ = {
			isa = PBXGroup;
			children = (
				3F19BEB72811C47800C70C34 /* Nidigonda_MoviesTests.swift */,
			);
			path = Nidigonda_MoviesTests;
			sourceTree = "<group>";
		};
		3F19BEC02811C47800C70C34 /* Nidigonda_MoviesUITests */ = {
			isa = PBXGroup;
			children = (
				3F19BEC12811C47800C70C34 /* Nidigonda_MoviesUITests.swift */,
				3F19BEC32811C47800C70C34 /* Nidigonda_MoviesUITestsLaunchTests.swift */,
			);
			path = Nidigonda_MoviesUITests;
			sourceTree = "<group>";
		};
/* End PBXGroup section */

/* Begin PBXNativeTarget section */
		3F19BE9C2811C46E00C70C34 /* Nidigonda_Movies */ = {
			isa = PBXNativeTarget;
			buildConfigurationList = 3F19BEC72811C47800C70C34 /* Build configuration list for PBXNativeTarget "Nidigonda_Movies" */;
			buildPhases = (
				3F19BE992811C46E00C70C34 /* Sources */,
				3F19BE9A2811C46E00C70C34 /* Frameworks */,
				3F19BE9B2811C46E00C70C34 /* Resources */,
			);
			buildRules = (
			);
			dependencies = (
			);
			name = Nidigonda_Movies;
			productName = Nidigonda_Movies;
			productReference = 3F19BE9D2811C46E00C70C34 /* Nidigonda_Movies.app */;
			productType = "com.apple.product-type.application";
		};
		3F19BEB22811C47800C70C34 /* Nidigonda_MoviesTests */ = {
			isa = PBXNativeTarget;
			buildConfigurationList = 3F19BECA2811C47800C70C34 /* Build configuration list for PBXNativeTarget "Nidigonda_MoviesTests" */;
			buildPhases = (
				3F19BEAF2811C47800C70C34 /* Sources */,
				3F19BEB02811C47800C70C34 /* Frameworks */,
				3F19BEB12811C47800C70C34 /* Resources */,
			);
			buildRules = (
			);
			dependencies = (
				3F19BEB52811C47800C70C34 /* PBXTargetDependency */,
			);
			name = Nidigonda_MoviesTests;
			productName = Nidigonda_MoviesTests;
			productReference = 3F19BEB32811C47800C70C34 /* Nidigonda_MoviesTests.xctest */;
			productType = "com.apple.product-type.bundle.unit-test";
		};
		3F19BEBC2811C47800C70C34 /* Nidigonda_MoviesUITests */ = {
			isa = PBXNativeTarget;
			buildConfigurationList = 3F19BECD2811C47800C70C34 /* Build configuration list for PBXNativeTarget "Nidigonda_MoviesUITests" */;
			buildPhases = (
				3F19BEB92811C47800C70C34 /* Sources */,
				3F19BEBA2811C47800C70C34 /* Frameworks */,
				3F19BEBB2811C47800C70C34 /* Resources */,
			);
			buildRules = (
			);
			dependencies = (
				3F19BEBF2811C47800C70C34 /* PBXTargetDependency */,
			);
			name = Nidigonda_MoviesUITests;
			productName = Nidigonda_MoviesUITests;
			productReference = 3F19BEBD2811C47800C70C34 /* Nidigonda_MoviesUITests.xctest */;
			productType = "com.apple.product-type.bundle.ui-testing";
		};
/* End PBXNativeTarget section */

/* Begin PBXProject section */
		3F19BE952811C46D00C70C34 /* Project object */ = {
			isa = PBXProject;
			attributes = {
				BuildIndependentTargetsInParallel = 1;
				LastSwiftUpdateCheck = 1320;
				LastUpgradeCheck = 1320;
				TargetAttributes = {
					3F19BE9C2811C46E00C70C34 = {
						CreatedOnToolsVersion = 13.2.1;
					};
					3F19BEB22811C47800C70C34 = {
						CreatedOnToolsVersion = 13.2.1;
						TestTargetID = 3F19BE9C2811C46E00C70C34;
					};
					3F19BEBC2811C47800C70C34 = {
						CreatedOnToolsVersion = 13.2.1;
						TestTargetID = 3F19BE9C2811C46E00C70C34;
					};
				};
			};
			buildConfigurationList = 3F19BE982811C46D00C70C34 /* Build configuration list for PBXProject "Nidigonda_Movies" */;
			compatibilityVersion = "Xcode 13.0";
			developmentRegion = en;
			hasScannedForEncodings = 0;
			knownRegions = (
				en,
				Base,
			);
			mainGroup = 3F19BE942811C46D00C70C34;
			productRefGroup = 3F19BE9E2811C46E00C70C34 /* Products */;
			projectDirPath = "";
			projectRoot = "";
			targets = (
				3F19BE9C2811C46E00C70C34 /* Nidigonda_Movies */,
				3F19BEB22811C47800C70C34 /* Nidigonda_MoviesTests */,
				3F19BEBC2811C47800C70C34 /* Nidigonda_MoviesUITests */,
			);
		};
/* End PBXProject section */

/* Begin PBXResourcesBuildPhase section */
		3F19BE9B2811C46E00C70C34 /* Resources */ = {
			isa = PBXResourcesBuildPhase;
			buildActionMask = 2147483647;
			files = (
				3F19BEAD2811C47700C70C34 /* LaunchScreen.storyboard in Resources */,
				3F19BEAA2811C47700C70C34 /* Assets.xcassets in Resources */,
				3F19BEA82811C46E00C70C34 /* Main.storyboard in Resources */,
			);
			runOnlyForDeploymentPostprocessing = 0;
		};
		3F19BEB12811C47800C70C34 /* Resources */ = {
			isa = PBXResourcesBuildPhase;
			buildActionMask = 2147483647;
			files = (
			);
			runOnlyForDeploymentPostprocessing = 0;
		};
		3F19BEBB2811C47800C70C34 /* Resources */ = {
			isa = PBXResourcesBuildPhase;
			buildActionMask = 2147483647;
			files = (
			);
			runOnlyForDeploymentPostprocessing = 0;
		};
/* End PBXResourcesBuildPhase section */

/* Begin PBXSourcesBuildPhase section */
		3F19BE992811C46E00C70C34 /* Sources */ = {
			isa = PBXSourcesBuildPhase;
			buildActionMask = 2147483647;
			files = (
				3F19BFD9281AF5B600C70C34 /* MovieData.swift in Sources */,
				3F19BEA52811C46E00C70C34 /* GenreViewController.swift in Sources */,
				3F19BEA12811C46E00C70C34 /* AppDelegate.swift in Sources */,
				3F19BED32811C8E000C70C34 /* MovieCollectionViewCell.swift in Sources */,
				3F19BEA32811C46E00C70C34 /* SceneDelegate.swift in Sources */,
				3F19BED12811C64700C70C34 /* MoviesViewController.swift in Sources */,
			);
			runOnlyForDeploymentPostprocessing = 0;
		};
		3F19BEAF2811C47800C70C34 /* Sources */ = {
			isa = PBXSourcesBuildPhase;
			buildActionMask = 2147483647;
			files = (
				3F19BEB82811C47800C70C34 /* Nidigonda_MoviesTests.swift in Sources */,
			);
			runOnlyForDeploymentPostprocessing = 0;
		};
		3F19BEB92811C47800C70C34 /* Sources */ = {
			isa = PBXSourcesBuildPhase;
			buildActionMask = 2147483647;
			files = (
				3F19BEC22811C47800C70C34 /* Nidigonda_MoviesUITests.swift in Sources */,
				3F19BEC42811C47800C70C34 /* Nidigonda_MoviesUITestsLaunchTests.swift in Sources */,
			);
			runOnlyForDeploymentPostprocessing = 0;
		};
/* End PBXSourcesBuildPhase section */

/* Begin PBXTargetDependency section */
		3F19BEB52811C47800C70C34 /* PBXTargetDependency */ = {
			isa = PBXTargetDependency;
			target = 3F19BE9C2811C46E00C70C34 /* Nidigonda_Movies */;
			targetProxy = 3F19BEB42811C47800C70C34 /* PBXContainerItemProxy */;
		};
		3F19BEBF2811C47800C70C34 /* PBXTargetDependency */ = {
			isa = PBXTargetDependency;
			target = 3F19BE9C2811C46E00C70C34 /* Nidigonda_Movies */;
			targetProxy = 3F19BEBE2811C47800C70C34 /* PBXContainerItemProxy */;
		};
/* End PBXTargetDependency section */

/* Begin PBXVariantGroup section */
		3F19BEA62811C46E00C70C34 /* Main.storyboard */ = {
			isa = PBXVariantGroup;
			children = (
				3F19BEA72811C46E00C70C34 /* Base */,
			);
			name = Main.storyboard;
			sourceTree = "<group>";
		};
		3F19BEAB2811C47700C70C34 /* LaunchScreen.storyboard */ = {
			isa = PBXVariantGroup;
			children = (
				3F19BEAC2811C47700C70C34 /* Base */,
			);
			name = LaunchScreen.storyboard;
			sourceTree = "<group>";
		};
/* End PBXVariantGroup section */

/* Begin XCBuildConfiguration section */
		3F19BEC52811C47800C70C34 /* Debug */ = {
			isa = XCBuildConfiguration;
			buildSettings = {
				ALWAYS_SEARCH_USER_PATHS = NO;
				CLANG_ANALYZER_NONNULL = YES;
				CLANG_ANALYZER_NUMBER_OBJECT_CONVERSION = YES_AGGRESSIVE;
				CLANG_CXX_LANGUAGE_STANDARD = "gnu++17";
				CLANG_CXX_LIBRARY = "libc++";
				CLANG_ENABLE_MODULES = YES;
				CLANG_ENABLE_OBJC_ARC = YES;
				CLANG_ENABLE_OBJC_WEAK = YES;
				CLANG_WARN_BLOCK_CAPTURE_AUTORELEASING = YES;
				CLANG_WARN_BOOL_CONVERSION = YES;
				CLANG_WARN_COMMA = YES;
				CLANG_WARN_CONSTANT_CONVERSION = YES;
				CLANG_WARN_DEPRECATED_OBJC_IMPLEMENTATIONS = YES;
				CLANG_WARN_DIRECT_OBJC_ISA_USAGE = YES_ERROR;
				CLANG_WARN_DOCUMENTATION_COMMENTS = YES;
				CLANG_WARN_EMPTY_BODY = YES;
				CLANG_WARN_ENUM_CONVERSION = YES;
				CLANG_WARN_INFINITE_RECURSION = YES;
				CLANG_WARN_INT_CONVERSION = YES;
				CLANG_WARN_NON_LITERAL_NULL_CONVERSION = YES;
				CLANG_WARN_OBJC_IMPLICIT_RETAIN_SELF = YES;
				CLANG_WARN_OBJC_LITERAL_CONVERSION = YES;
				CLANG_WARN_OBJC_ROOT_CLASS = YES_ERROR;
				CLANG_WARN_QUOTED_INCLUDE_IN_FRAMEWORK_HEADER = YES;
				CLANG_WARN_RANGE_LOOP_ANALYSIS = YES;
				CLANG_WARN_STRICT_PROTOTYPES = YES;
				CLANG_WARN_SUSPICIOUS_MOVE = YES;
				CLANG_WARN_UNGUARDED_AVAILABILITY = YES_AGGRESSIVE;
				CLANG_WARN_UNREACHABLE_CODE = YES;
				CLANG_WARN__DUPLICATE_METHOD_MATCH = YES;
				COPY_PHASE_STRIP = NO;
				DEBUG_INFORMATION_FORMAT = dwarf;
				ENABLE_STRICT_OBJC_MSGSEND = YES;
				ENABLE_TESTABILITY = YES;
				GCC_C_LANGUAGE_STANDARD = gnu11;
				GCC_DYNAMIC_NO_PIC = NO;
				GCC_NO_COMMON_BLOCKS = YES;
				GCC_OPTIMIZATION_LEVEL = 0;
				GCC_PREPROCESSOR_DEFINITIONS = (
					"DEBUG=1",
					"$(inherited)",
				);
				GCC_WARN_64_TO_32_BIT_CONVERSION = YES;
				GCC_WARN_ABOUT_RETURN_TYPE = YES_ERROR;
				GCC_WARN_UNDECLARED_SELECTOR = YES;
				GCC_WARN_UNINITIALIZED_AUTOS = YES_AGGRESSIVE;
				GCC_WARN_UNUSED_FUNCTION = YES;
				GCC_WARN_UNUSED_VARIABLE = YES;
				IPHONEOS_DEPLOYMENT_TARGET = 15.2;
				MTL_ENABLE_DEBUG_INFO = INCLUDE_SOURCE;
				MTL_FAST_MATH = YES;
				ONLY_ACTIVE_ARCH = YES;
				SDKROOT = iphoneos;
				SWIFT_ACTIVE_COMPILATION_CONDITIONS = DEBUG;
				SWIFT_OPTIMIZATION_LEVEL = "-Onone";
			};
			name = Debug;
		};
		3F19BEC62811C47800C70C34 /* Release */ = {
			isa = XCBuildConfiguration;
			buildSettings = {
				ALWAYS_SEARCH_USER_PATHS = NO;
				CLANG_ANALYZER_NONNULL = YES;
				CLANG_ANALYZER_NUMBER_OBJECT_CONVERSION = YES_AGGRESSIVE;
				CLANG_CXX_LANGUAGE_STANDARD = "gnu++17";
				CLANG_CXX_LIBRARY = "libc++";
				CLANG_ENABLE_MODULES = YES;
				CLANG_ENABLE_OBJC_ARC = YES;
				CLANG_ENABLE_OBJC_WEAK = YES;
				CLANG_WARN_BLOCK_CAPTURE_AUTORELEASING = YES;
				CLANG_WARN_BOOL_CONVERSION = YES;
				CLANG_WARN_COMMA = YES;
				CLANG_WARN_CONSTANT_CONVERSION = YES;
				CLANG_WARN_DEPRECATED_OBJC_IMPLEMENTATIONS = YES;
				CLANG_WARN_DIRECT_OBJC_ISA_USAGE = YES_ERROR;
				CLANG_WARN_DOCUMENTATION_COMMENTS = YES;
				CLANG_WARN_EMPTY_BODY = YES;
				CLANG_WARN_ENUM_CONVERSION = YES;
				CLANG_WARN_INFINITE_RECURSION = YES;
				CLANG_WARN_INT_CONVERSION = YES;
				CLANG_WARN_NON_LITERAL_NULL_CONVERSION = YES;
				CLANG_WARN_OBJC_IMPLICIT_RETAIN_SELF = YES;
				CLANG_WARN_OBJC_LITERAL_CONVERSION = YES;
				CLANG_WARN_OBJC_ROOT_CLASS = YES_ERROR;
				CLANG_WARN_QUOTED_INCLUDE_IN_FRAMEWORK_HEADER = YES;
				CLANG_WARN_RANGE_LOOP_ANALYSIS = YES;
				CLANG_WARN_STRICT_PROTOTYPES = YES;
				CLANG_WARN_SUSPICIOUS_MOVE = YES;
				CLANG_WARN_UNGUARDED_AVAILABILITY = YES_AGGRESSIVE;
				CLANG_WARN_UNREACHABLE_CODE = YES;
				CLANG_WARN__DUPLICATE_METHOD_MATCH = YES;
				COPY_PHASE_STRIP = NO;
				DEBUG_INFORMATION_FORMAT = "dwarf-with-dsym";
				ENABLE_NS_ASSERTIONS = NO;
				ENABLE_STRICT_OBJC_MSGSEND = YES;
				GCC_C_LANGUAGE_STANDARD = gnu11;
				GCC_NO_COMMON_BLOCKS = YES;
				GCC_WARN_64_TO_32_BIT_CONVERSION = YES;
				GCC_WARN_ABOUT_RETURN_TYPE = YES_ERROR;
				GCC_WARN_UNDECLARED_SELECTOR = YES;
				GCC_WARN_UNINITIALIZED_AUTOS = YES_AGGRESSIVE;
				GCC_WARN_UNUSED_FUNCTION = YES;
				GCC_WARN_UNUSED_VARIABLE = YES;
				IPHONEOS_DEPLOYMENT_TARGET = 15.2;
				MTL_ENABLE_DEBUG_INFO = NO;
				MTL_FAST_MATH = YES;
				SDKROOT = iphoneos;
				SWIFT_COMPILATION_MODE = wholemodule;
				SWIFT_OPTIMIZATION_LEVEL = "-O";
				VALIDATE_PRODUCT = YES;
			};
			name = Release;
		};
		3F19BEC82811C47800C70C34 /* Debug */ = {
			isa = XCBuildConfiguration;
			buildSettings = {
				ASSETCATALOG_COMPILER_APPICON_NAME = AppIcon;
				ASSETCATALOG_COMPILER_GLOBAL_ACCENT_COLOR_NAME = AccentColor;
				CODE_SIGN_STYLE = Automatic;
				CURRENT_PROJECT_VERSION = 1;
				GENERATE_INFOPLIST_FILE = YES;
				INFOPLIST_FILE = Nidigonda_Movies/Info.plist;
				INFOPLIST_KEY_CFBundleDisplayName = Nidigonda_Movies;
				INFOPLIST_KEY_UIApplicationSupportsIndirectInputEvents = YES;
				INFOPLIST_KEY_UILaunchStoryboardName = LaunchScreen;
				INFOPLIST_KEY_UIMainStoryboardFile = Main;
				INFOPLIST_KEY_UISupportedInterfaceOrientations_iPad = "UIInterfaceOrientationPortrait UIInterfaceOrientationPortraitUpsideDown UIInterfaceOrientationLandscapeLeft UIInterfaceOrientationLandscapeRight";
				INFOPLIST_KEY_UISupportedInterfaceOrientations_iPhone = "UIInterfaceOrientationPortrait UIInterfaceOrientationLandscapeLeft UIInterfaceOrientationLandscapeRight";
				LD_RUNPATH_SEARCH_PATHS = (
					"$(inherited)",
					"@executable_path/Frameworks",
				);
				MARKETING_VERSION = 1.0;
				PRODUCT_BUNDLE_IDENTIFIER = "nwmsu.Nidigonda-Movies";
				PRODUCT_NAME = "$(TARGET_NAME)";
				SWIFT_EMIT_LOC_STRINGS = YES;
				SWIFT_VERSION = 5.0;
				TARGETED_DEVICE_FAMILY = "1,2";
			};
			name = Debug;
		};
		3F19BEC92811C47800C70C34 /* Release */ = {
			isa = XCBuildConfiguration;
			buildSettings = {
				ASSETCATALOG_COMPILER_APPICON_NAME = AppIcon;
				ASSETCATALOG_COMPILER_GLOBAL_ACCENT_COLOR_NAME = AccentColor;
				CODE_SIGN_STYLE = Automatic;
				CURRENT_PROJECT_VERSION = 1;
				GENERATE_INFOPLIST_FILE = YES;
				INFOPLIST_FILE = Nidigonda_Movies/Info.plist;
				INFOPLIST_KEY_CFBundleDisplayName = Nidigonda_Movies;
				INFOPLIST_KEY_UIApplicationSupportsIndirectInputEvents = YES;
				INFOPLIST_KEY_UILaunchStoryboardName = LaunchScreen;
				INFOPLIST_KEY_UIMainStoryboardFile = Main;
				INFOPLIST_KEY_UISupportedInterfaceOrientations_iPad = "UIInterfaceOrientationPortrait UIInterfaceOrientationPortraitUpsideDown UIInterfaceOrientationLandscapeLeft UIInterfaceOrientationLandscapeRight";
				INFOPLIST_KEY_UISupportedInterfaceOrientations_iPhone = "UIInterfaceOrientationPortrait UIInterfaceOrientationLandscapeLeft UIInterfaceOrientationLandscapeRight";
				LD_RUNPATH_SEARCH_PATHS = (
					"$(inherited)",
					"@executable_path/Frameworks",
				);
				MARKETING_VERSION = 1.0;
				PRODUCT_BUNDLE_IDENTIFIER = "nwmsu.Nidigonda-Movies";
				PRODUCT_NAME = "$(TARGET_NAME)";
				SWIFT_EMIT_LOC_STRINGS = YES;
				SWIFT_VERSION = 5.0;
				TARGETED_DEVICE_FAMILY = "1,2";
			};
			name = Release;
		};
		3F19BECB2811C47800C70C34 /* Debug */ = {
			isa = XCBuildConfiguration;
			buildSettings = {
				ALWAYS_EMBED_SWIFT_STANDARD_LIBRARIES = YES;
				BUNDLE_LOADER = "$(TEST_HOST)";
				CODE_SIGN_STYLE = Automatic;
				CURRENT_PROJECT_VERSION = 1;
				GENERATE_INFOPLIST_FILE = YES;
				IPHONEOS_DEPLOYMENT_TARGET = 15.2;
				MARKETING_VERSION = 1.0;
				PRODUCT_BUNDLE_IDENTIFIER = "nwmsu.Nidigonda-MoviesTests";
				PRODUCT_NAME = "$(TARGET_NAME)";
				SWIFT_EMIT_LOC_STRINGS = NO;
				SWIFT_VERSION = 5.0;
				TARGETED_DEVICE_FAMILY = "1,2";
				TEST_HOST = "$(BUILT_PRODUCTS_DIR)/Nidigonda_Movies.app/Nidigonda_Movies";
			};
			name = Debug;
		};
		3F19BECC2811C47800C70C34 /* Release */ = {
			isa = XCBuildConfiguration;
			buildSettings = {
				ALWAYS_EMBED_SWIFT_STANDARD_LIBRARIES = YES;
				BUNDLE_LOADER = "$(TEST_HOST)";
				CODE_SIGN_STYLE = Automatic;
				CURRENT_PROJECT_VERSION = 1;
				GENERATE_INFOPLIST_FILE = YES;
				IPHONEOS_DEPLOYMENT_TARGET = 15.2;
				MARKETING_VERSION = 1.0;
				PRODUCT_BUNDLE_IDENTIFIER = "nwmsu.Nidigonda-MoviesTests";
				PRODUCT_NAME = "$(TARGET_NAME)";
				SWIFT_EMIT_LOC_STRINGS = NO;
				SWIFT_VERSION = 5.0;
				TARGETED_DEVICE_FAMILY = "1,2";
				TEST_HOST = "$(BUILT_PRODUCTS_DIR)/Nidigonda_Movies.app/Nidigonda_Movies";
			};
			name = Release;
		};
		3F19BECE2811C47800C70C34 /* Debug */ = {
			isa = XCBuildConfiguration;
			buildSettings = {
				ALWAYS_EMBED_SWIFT_STANDARD_LIBRARIES = YES;
				CODE_SIGN_STYLE = Automatic;
				CURRENT_PROJECT_VERSION = 1;
				GENERATE_INFOPLIST_FILE = YES;
				MARKETING_VERSION = 1.0;
				PRODUCT_BUNDLE_IDENTIFIER = "nwmsu.Nidigonda-MoviesUITests";
				PRODUCT_NAME = "$(TARGET_NAME)";
				SWIFT_EMIT_LOC_STRINGS = NO;
				SWIFT_VERSION = 5.0;
				TARGETED_DEVICE_FAMILY = "1,2";
				TEST_TARGET_NAME = Nidigonda_Movies;
			};
			name = Debug;
		};
		3F19BECF2811C47800C70C34 /* Release */ = {
			isa = XCBuildConfiguration;
			buildSettings = {
				ALWAYS_EMBED_SWIFT_STANDARD_LIBRARIES = YES;
				CODE_SIGN_STYLE = Automatic;
				CURRENT_PROJECT_VERSION = 1;
				GENERATE_INFOPLIST_FILE = YES;
				MARKETING_VERSION = 1.0;
				PRODUCT_BUNDLE_IDENTIFIER = "nwmsu.Nidigonda-MoviesUITests";
				PRODUCT_NAME = "$(TARGET_NAME)";
				SWIFT_EMIT_LOC_STRINGS = NO;
				SWIFT_VERSION = 5.0;
				TARGETED_DEVICE_FAMILY = "1,2";
				TEST_TARGET_NAME = Nidigonda_Movies;
			};
			name = Release;
		};
/* End XCBuildConfiguration section */

/* Begin XCConfigurationList section */
		3F19BE982811C46D00C70C34 /* Build configuration list for PBXProject "Nidigonda_Movies" */ = {
			isa = XCConfigurationList;
			buildConfigurations = (
				3F19BEC52811C47800C70C34 /* Debug */,
				3F19BEC62811C47800C70C34 /* Release */,
			);
			defaultConfigurationIsVisible = 0;
			defaultConfigurationName = Release;
		};
		3F19BEC72811C47800C70C34 /* Build configuration list for PBXNativeTarget "Nidigonda_Movies" */ = {
			isa = XCConfigurationList;
			buildConfigurations = (
				3F19BEC82811C47800C70C34 /* Debug */,
				3F19BEC92811C47800C70C34 /* Release */,
			);
			defaultConfigurationIsVisible = 0;
			defaultConfigurationName = Release;
		};
		3F19BECA2811C47800C70C34 /* Build configuration list for PBXNativeTarget "Nidigonda_MoviesTests" */ = {
			isa = XCConfigurationList;
			buildConfigurations = (
				3F19BECB2811C47800C70C34 /* Debug */,
				3F19BECC2811C47800C70C34 /* Release */,
			);
			defaultConfigurationIsVisible = 0;
			defaultConfigurationName = Release;
		};
		3F19BECD2811C47800C70C34 /* Build configuration list for PBXNativeTarget "Nidigonda_MoviesUITests" */ = {
			isa = XCConfigurationList;
			buildConfigurations = (
				3F19BECE2811C47800C70C34 /* Debug */,
				3F19BECF2811C47800C70C34 /* Release */,
			);
			defaultConfigurationIsVisible = 0;
			defaultConfigurationName = Release;
		};
/* End XCConfigurationList section */
	};
	rootObject = 3F19BE952811C46D00C70C34 /* Project object */;
}
